
Microsoft Visual Studio Solution File, Format Version 12.00
Project("{FAE04EC0-301F-11D3-BF4B-00C04F79EFBC}") = "KafkaConsumer", "KafkaConsumer\KafkaConsumer.csproj", "{F2F6736F-ACE9-47C7-A0CB-CF9BBF185691}"
EndProject
Global
	GlobalSection(SolutionConfigurationPlatforms) = preSolution
		Debug|Any CPU = Debug|Any CPU
		Release|Any CPU = Release|Any CPU
	EndGlobalSection
	GlobalSection(ProjectConfigurationPlatforms) = postSolution
		{F2F6736F-ACE9-47C7-A0CB-CF9BBF185691}.Debug|Any CPU.ActiveCfg = Debug|Any CPU
		{F2F6736F-ACE9-47C7-A0CB-CF9BBF185691}.Debug|Any CPU.Build.0 = Debug|Any CPU
		{F2F6736F-ACE9-47C7-A0CB-CF9BBF185691}.Release|Any CPU.ActiveCfg = Release|Any CPU
		{F2F6736F-ACE9-47C7-A0CB-CF9BBF185691}.Release|Any CPU.Build.0 = Release|Any CPU
	EndGlobalSection
EndGlobal
